{
  "requires": true,
  "lockfileVersion": 1,
  "dependencies": {
    "ng2-completer": {
      "version": "2.0.8",
      "resolved": "https://registry.npmjs.org/ng2-completer/-/ng2-completer-2.0.8.tgz",
      "integrity": "sha512-WzxJ4u3vAHsfBUaFCloEBoirPZrnDabtWEKyDok7dtjhS1ZvcbwQ4asdXuDO0hZ0T1QC66U/PwLhKfkG501hVg=="
    }
  }
}
